
Microsoft Visual Studio Solution File, Format Version 12.00
# Visual Studio Version 16
VisualStudioVersion = 16.0.30011.22
MinimumVisualStudioVersion = 10.0.40219.1
Project("{FAE04EC0-301F-11D3-BF4B-00C04F79EFBC}") = "Social Networks", "Social Networks\Social Networks.csproj", "{C0A75D28-A082-4AEB-88DB-6BB8D754C0D7}"
EndProject
Project("{FAE04EC0-301F-11D3-BF4B-00C04F79EFBC}") = "Social Networks Library", "Social Networks Library\Social Networks Library.csproj", "{74EDB627-2F4F-4EED-A60F-E0E6580D793C}"
EndProject
Global
	GlobalSection(SolutionConfigurationPlatforms) = preSolution
		Debug|Any CPU = Debug|Any CPU
		Release|Any CPU = Release|Any CPU
	EndGlobalSection
	GlobalSection(ProjectConfigurationPlatforms) = postSolution
		{C0A75D28-A082-4AEB-88DB-6BB8D754C0D7}.Debug|Any CPU.ActiveCfg = Debug|Any CPU
		{C0A75D28-A082-4AEB-88DB-6BB8D754C0D7}.Debug|Any CPU.Build.0 = Debug|Any CPU
		{C0A75D28-A082-4AEB-88DB-6BB8D754C0D7}.Release|Any CPU.ActiveCfg = Release|Any CPU
		{C0A75D28-A082-4AEB-88DB-6BB8D754C0D7}.Release|Any CPU.Build.0 = Release|Any CPU
		{74EDB627-2F4F-4EED-A60F-E0E6580D793C}.Debug|Any CPU.ActiveCfg = Debug|Any CPU
		{74EDB627-2F4F-4EED-A60F-E0E6580D793C}.Debug|Any CPU.Build.0 = Debug|Any CPU
		{74EDB627-2F4F-4EED-A60F-E0E6580D793C}.Release|Any CPU.ActiveCfg = Release|Any CPU
		{74EDB627-2F4F-4EED-A60F-E0E6580D793C}.Release|Any CPU.Build.0 = Release|Any CPU
	EndGlobalSection
	GlobalSection(SolutionProperties) = preSolution
		HideSolutionNode = FALSE
	EndGlobalSection
	GlobalSection(ExtensibilityGlobals) = postSolution
		SolutionGuid = {F202FA67-3FDC-4955-99AC-9BBCA76FE829}
	EndGlobalSection
EndGlobal
